// !$*UTF8*$!
{
	archiveVersion = 1;
	classes = {
	};
	objectVersion = 46;
	objects = {

/* Begin PBXBuildFile section */
		9EA5D0C5190D681000D0DB14 /* Foundation.framework in Frameworks */ = {isa = PBXBuildFile; fileRef = 9EA5D0C4190D681000D0DB14 /* Foundation.framework */; };
		9EA5D0C7190D681000D0DB14 /* CoreGraphics.framework in Frameworks */ = {isa = PBXBuildFile; fileRef = 9EA5D0C6190D681000D0DB14 /* CoreGraphics.framework */; };
		9EA5D0C9190D681000D0DB14 /* UIKit.framework in Frameworks */ = {isa = PBXBuildFile; fileRef = 9EA5D0C8190D681000D0DB14 /* UIKit.framework */; };
		9EA5D0CF190D681000D0DB14 /* InfoPlist.strings in Resources */ = {isa = PBXBuildFile; fileRef = 9EA5D0CD190D681000D0DB14 /* InfoPlist.strings */; };
		9EA5D0D1190D681000D0DB14 /* main.m in Sources */ = {isa = PBXBuildFile; fileRef = 9EA5D0D0190D681000D0DB14 /* main.m */; };
		9EA5D0D8190D681000D0DB14 /* Main.storyboard in Resources */ = {isa = PBXBuildFile; fileRef = 9EA5D0D6190D681000D0DB14 /* Main.storyboard */; };
		9EA5D0DD190D681000D0DB14 /* Images.xcassets in Resources */ = {isa = PBXBuildFile; fileRef = 9EA5D0DC190D681000D0DB14 /* Images.xcassets */; };
		9EA5D0E4190D681000D0DB14 /* XCTest.framework in Frameworks */ = {isa = PBXBuildFile; fileRef = 9EA5D0E3190D681000D0DB14 /* XCTest.framework */; };
		9EA5D0E5190D681000D0DB14 /* Foundation.framework in Frameworks */ = {isa = PBXBuildFile; fileRef = 9EA5D0C4190D681000D0DB14 /* Foundation.framework */; };
		9EA5D0E6190D681000D0DB14 /* UIKit.framework in Frameworks */ = {isa = PBXBuildFile; fileRef = 9EA5D0C8190D681000D0DB14 /* UIKit.framework */; };
		9EA5D0EE190D681000D0DB14 /* InfoPlist.strings in Resources */ = {isa = PBXBuildFile; fileRef = 9EA5D0EC190D681000D0DB14 /* InfoPlist.strings */; };
		9EA5D0F0190D681000D0DB14 /* McLuhanSourceAppTests.m in Sources */ = {isa = PBXBuildFile; fileRef = 9EA5D0EF190D681000D0DB14 /* McLuhanSourceAppTests.m */; };
		9EA5D141190D694C00D0DB14 /* libLuokat.a in Frameworks */ = {isa = PBXBuildFile; fileRef = 9EA5D140190D694C00D0DB14 /* libLuokat.a */; };
		9EA5D148190D697600D0DB14 /* SAAppDelegate.m in Sources */ = {isa = PBXBuildFile; fileRef = 9EA5D145190D697600D0DB14 /* SAAppDelegate.m */; };
		9EA5D149190D697600D0DB14 /* SAViewController.m in Sources */ = {isa = PBXBuildFile; fileRef = 9EA5D147190D697600D0DB14 /* SAViewController.m */; };
		9EA5D15A190D6A2700D0DB14 /* SASendViewController.m in Sources */ = {isa = PBXBuildFile; fileRef = 9EA5D156190D6A2700D0DB14 /* SASendViewController.m */; };
		9EA5D15B190D6A2700D0DB14 /* SASendReceiveViewController.m in Sources */ = {isa = PBXBuildFile; fileRef = 9EA5D159190D6A2700D0DB14 /* SASendReceiveViewController.m */; };
		9EA5D160190D6B5D00D0DB14 /* libMcLuhan.a in Frameworks */ = {isa = PBXBuildFile; fileRef = 9EA5D13C190D688D00D0DB14 /* libMcLuhan.a */; };
		9EA5D172190D9BF900D0DB14 /* SASendActionsViewController.m in Sources */ = {isa = PBXBuildFile; fileRef = 9EA5D171190D9BF900D0DB14 /* SASendActionsViewController.m */; };
		9EB6774E190EA4A10091B636 /* libMcLuhanExampleCommon.a in Frameworks */ = {isa = PBXBuildFile; fileRef = 9EB6774D190EA4A10091B636 /* libMcLuhanExampleCommon.a */; };
/* End PBXBuildFile section */

/* Begin PBXContainerItemProxy section */
		9EA5D0E7190D681000D0DB14 /* PBXContainerItemProxy */ = {
			isa = PBXContainerItemProxy;
			containerPortal = 9EA5D0B9190D681000D0DB14 /* Project object */;
			proxyType = 1;
			remoteGlobalIDString = 9EA5D0C0190D681000D0DB14;
			remoteInfo = McLuhanSourceApp;
		};
/* End PBXContainerItemProxy section */

/* Begin PBXFileReference section */
		9EA5D0C1190D681000D0DB14 /* McLuhanSourceApp.app */ = {isa = PBXFileReference; explicitFileType = wrapper.application; includeInIndex = 0; path = McLuhanSourceApp.app; sourceTree = BUILT_PRODUCTS_DIR; };
		9EA5D0C4190D681000D0DB14 /* Foundation.framework */ = {isa = PBXFileReference; lastKnownFileType = wrapper.framework; name = Foundation.framework; path = System/Library/Frameworks/Foundation.framework; sourceTree = SDKROOT; };
		9EA5D0C6190D681000D0DB14 /* CoreGraphics.framework */ = {isa = PBXFileReference; lastKnownFileType = wrapper.framework; name = CoreGraphics.framework; path = System/Library/Frameworks/CoreGraphics.framework; sourceTree = SDKROOT; };
		9EA5D0C8190D681000D0DB14 /* UIKit.framework */ = {isa = PBXFileReference; lastKnownFileType = wrapper.framework; name = UIKit.framework; path = System/Library/Frameworks/UIKit.framework; sourceTree = SDKROOT; };
		9EA5D0CC190D681000D0DB14 /* McLuhanSourceApp-Info.plist */ = {isa = PBXFileReference; lastKnownFileType = text.plist.xml; path = "McLuhanSourceApp-Info.plist"; sourceTree = "<group>"; };
		9EA5D0CE190D681000D0DB14 /* en */ = {isa = PBXFileReference; lastKnownFileType = text.plist.strings; name = en; path = en.lproj/InfoPlist.strings; sourceTree = "<group>"; };
		9EA5D0D0190D681000D0DB14 /* main.m */ = {isa = PBXFileReference; lastKnownFileType = sourcecode.c.objc; path = main.m; sourceTree = "<group>"; };
		9EA5D0D2190D681000D0DB14 /* McLuhanSourceApp-Prefix.pch */ = {isa = PBXFileReference; lastKnownFileType = sourcecode.c.h; path = "McLuhanSourceApp-Prefix.pch"; sourceTree = "<group>"; };
		9EA5D0D7190D681000D0DB14 /* Base */ = {isa = PBXFileReference; lastKnownFileType = file.storyboard; name = Base; path = Base.lproj/Main.storyboard; sourceTree = "<group>"; };
		9EA5D0DC190D681000D0DB14 /* Images.xcassets */ = {isa = PBXFileReference; lastKnownFileType = folder.assetcatalog; path = Images.xcassets; sourceTree = "<group>"; };
		9EA5D0E2190D681000D0DB14 /* McLuhanSourceAppTests.xctest */ = {isa = PBXFileReference; explicitFileType = wrapper.cfbundle; includeInIndex = 0; path = McLuhanSourceAppTests.xctest; sourceTree = BUILT_PRODUCTS_DIR; };
		9EA5D0E3190D681000D0DB14 /* XCTest.framework */ = {isa = PBXFileReference; lastKnownFileType = wrapper.framework; name = XCTest.framework; path = Library/Frameworks/XCTest.framework; sourceTree = DEVELOPER_DIR; };
		9EA5D0EB190D681000D0DB14 /* McLuhanSourceAppTests-Info.plist */ = {isa = PBXFileReference; lastKnownFileType = text.plist.xml; path = "McLuhanSourceAppTests-Info.plist"; sourceTree = "<group>"; };
		9EA5D0ED190D681000D0DB14 /* en */ = {isa = PBXFileReference; lastKnownFileType = text.plist.strings; name = en; path = en.lproj/InfoPlist.strings; sourceTree = "<group>"; };
		9EA5D0EF190D681000D0DB14 /* McLuhanSourceAppTests.m */ = {isa = PBXFileReference; lastKnownFileType = sourcecode.c.objc; path = McLuhanSourceAppTests.m; sourceTree = "<group>"; };
		9EA5D13C190D688D00D0DB14 /* libMcLuhan.a */ = {isa = PBXFileReference; lastKnownFileType = archive.ar; name = libMcLuhan.a; path = "../../../../../../Library/Developer/Xcode/DerivedData/McLuhan-apcclaabpntfhoabulnyotvowwim/Build/Products/Debug-iphoneos/libMcLuhan.a"; sourceTree = "<group>"; };
		9EA5D140190D694C00D0DB14 /* libLuokat.a */ = {isa = PBXFileReference; lastKnownFileType = archive.ar; name = libLuokat.a; path = "../../../../../../Library/Developer/Xcode/DerivedData/McLuhan-apcclaabpntfhoabulnyotvowwim/Build/Products/Debug-iphoneos/libLuokat.a"; sourceTree = "<group>"; };
		9EA5D144190D697600D0DB14 /* SAAppDelegate.h */ = {isa = PBXFileReference; fileEncoding = 4; lastKnownFileType = sourcecode.c.h; path = SAAppDelegate.h; sourceTree = "<group>"; };
		9EA5D145190D697600D0DB14 /* SAAppDelegate.m */ = {isa = PBXFileReference; fileEncoding = 4; lastKnownFileType = sourcecode.c.objc; path = SAAppDelegate.m; sourceTree = "<group>"; };
		9EA5D146190D697600D0DB14 /* SAViewController.h */ = {isa = PBXFileReference; fileEncoding = 4; lastKnownFileType = sourcecode.c.h; path = SAViewController.h; sourceTree = "<group>"; };
		9EA5D147190D697600D0DB14 /* SAViewController.m */ = {isa = PBXFileReference; fileEncoding = 4; lastKnownFileType = sourcecode.c.objc; path = SAViewController.m; sourceTree = "<group>"; };
		9EA5D155190D6A2700D0DB14 /* SASendViewController.h */ = {isa = PBXFileReference; fileEncoding = 4; lastKnownFileType = sourcecode.c.h; path = SASendViewController.h; sourceTree = "<group>"; };
		9EA5D156190D6A2700D0DB14 /* SASendViewController.m */ = {isa = PBXFileReference; fileEncoding = 4; lastKnownFileType = sourcecode.c.objc; path = SASendViewController.m; sourceTree = "<group>"; };
		9EA5D158190D6A2700D0DB14 /* SASendReceiveViewController.h */ = {isa = PBXFileReference; fileEncoding = 4; lastKnownFileType = sourcecode.c.h; path = SASendReceiveViewController.h; sourceTree = "<group>"; };
		9EA5D159190D6A2700D0DB14 /* SASendReceiveViewController.m */ = {isa = PBXFileReference; fileEncoding = 4; lastKnownFileType = sourcecode.c.objc; path = SASendReceiveViewController.m; sourceTree = "<group>"; };
		9EA5D170190D9BF900D0DB14 /* SASendActionsViewController.h */ = {isa = PBXFileReference; fileEncoding = 4; lastKnownFileType = sourcecode.c.h; path = SASendActionsViewController.h; sourceTree = "<group>"; };
		9EA5D171190D9BF900D0DB14 /* SASendActionsViewController.m */ = {isa = PBXFileReference; fileEncoding = 4; lastKnownFileType = sourcecode.c.objc; path = SASendActionsViewController.m; sourceTree = "<group>"; };
		9EB6774B190EA48E0091B636 /* libMcLuhanExampleCommon.a */ = {isa = PBXFileReference; lastKnownFileType = archive.ar; name = libMcLuhanExampleCommon.a; path = "../McLuhanExampleCommon/build/Debug-iphoneos/libMcLuhanExampleCommon.a"; sourceTree = "<group>"; };
		9EB6774D190EA4A10091B636 /* libMcLuhanExampleCommon.a */ = {isa = PBXFileReference; lastKnownFileType = archive.ar; name = libMcLuhanExampleCommon.a; path = "../../../../../../Library/Developer/Xcode/DerivedData/McLuhan-apcclaabpntfhoabulnyotvowwim/Build/Products/Debug-iphoneos/libMcLuhanExampleCommon.a"; sourceTree = "<group>"; };
/* End PBXFileReference section */

/* Begin PBXFrameworksBuildPhase section */
		9EA5D0BE190D681000D0DB14 /* Frameworks */ = {
			isa = PBXFrameworksBuildPhase;
			buildActionMask = 2147483647;
			files = (
				9EB6774E190EA4A10091B636 /* libMcLuhanExampleCommon.a in Frameworks */,
				9EA5D160190D6B5D00D0DB14 /* libMcLuhan.a in Frameworks */,
				9EA5D141190D694C00D0DB14 /* libLuokat.a in Frameworks */,
				9EA5D0C7190D681000D0DB14 /* CoreGraphics.framework in Frameworks */,
				9EA5D0C9190D681000D0DB14 /* UIKit.framework in Frameworks */,
				9EA5D0C5190D681000D0DB14 /* Foundation.framework in Frameworks */,
			);
			runOnlyForDeploymentPostprocessing = 0;
		};
		9EA5D0DF190D681000D0DB14 /* Frameworks */ = {
			isa = PBXFrameworksBuildPhase;
			buildActionMask = 2147483647;
			files = (
				9EA5D0E4190D681000D0DB14 /* XCTest.framework in Frameworks */,
				9EA5D0E6190D681000D0DB14 /* UIKit.framework in Frameworks */,
				9EA5D0E5190D681000D0DB14 /* Foundation.framework in Frameworks */,
			);
			runOnlyForDeploymentPostprocessing = 0;
		};
/* End PBXFrameworksBuildPhase section */

/* Begin PBXGroup section */
		9EA5D0B8190D681000D0DB14 = {
			isa = PBXGroup;
			children = (
				9EA5D0CA190D681000D0DB14 /* McLuhanSourceApp */,
				9EA5D0E9190D681000D0DB14 /* McLuhanSourceAppTests */,
				9EA5D0C3190D681000D0DB14 /* Frameworks */,
				9EA5D0C2190D681000D0DB14 /* Products */,
			);
			sourceTree = "<group>";
		};
		9EA5D0C2190D681000D0DB14 /* Products */ = {
			isa = PBXGroup;
			children = (
				9EA5D0C1190D681000D0DB14 /* McLuhanSourceApp.app */,
				9EA5D0E2190D681000D0DB14 /* McLuhanSourceAppTests.xctest */,
			);
			name = Products;
			sourceTree = "<group>";
		};
		9EA5D0C3190D681000D0DB14 /* Frameworks */ = {
			isa = PBXGroup;
			children = (
				9EB6774D190EA4A10091B636 /* libMcLuhanExampleCommon.a */,
				9EB6774B190EA48E0091B636 /* libMcLuhanExampleCommon.a */,
				9EA5D140190D694C00D0DB14 /* libLuokat.a */,
				9EA5D13C190D688D00D0DB14 /* libMcLuhan.a */,
				9EA5D0C4190D681000D0DB14 /* Foundation.framework */,
				9EA5D0C6190D681000D0DB14 /* CoreGraphics.framework */,
				9EA5D0C8190D681000D0DB14 /* UIKit.framework */,
				9EA5D0E3190D681000D0DB14 /* XCTest.framework */,
			);
			name = Frameworks;
			sourceTree = "<group>";
		};
		9EA5D0CA190D681000D0DB14 /* McLuhanSourceApp */ = {
			isa = PBXGroup;
			children = (
				9EA5D142190D697600D0DB14 /* Source */,
				9EA5D14A190D697E00D0DB14 /* UX */,
				9EA5D0CB190D681000D0DB14 /* Supporting Files */,
			);
			path = McLuhanSourceApp;
			sourceTree = "<group>";
		};
		9EA5D0CB190D681000D0DB14 /* Supporting Files */ = {
			isa = PBXGroup;
			children = (
				9EA5D0CC190D681000D0DB14 /* McLuhanSourceApp-Info.plist */,
				9EA5D0CD190D681000D0DB14 /* InfoPlist.strings */,
				9EA5D0D0190D681000D0DB14 /* main.m */,
				9EA5D0D2190D681000D0DB14 /* McLuhanSourceApp-Prefix.pch */,
			);
			name = "Supporting Files";
			sourceTree = "<group>";
		};
		9EA5D0E9190D681000D0DB14 /* McLuhanSourceAppTests */ = {
			isa = PBXGroup;
			children = (
				9EA5D0EF190D681000D0DB14 /* McLuhanSourceAppTests.m */,
				9EA5D0EA190D681000D0DB14 /* Supporting Files */,
			);
			path = McLuhanSourceAppTests;
			sourceTree = "<group>";
		};
		9EA5D0EA190D681000D0DB14 /* Supporting Files */ = {
			isa = PBXGroup;
			children = (
				9EA5D0EB190D681000D0DB14 /* McLuhanSourceAppTests-Info.plist */,
				9EA5D0EC190D681000D0DB14 /* InfoPlist.strings */,
			);
			name = "Supporting Files";
			sourceTree = "<group>";
		};
		9EA5D142190D697600D0DB14 /* Source */ = {
			isa = PBXGroup;
			children = (
				9EA5D143190D697600D0DB14 /* App */,
				9EA5D154190D6A2700D0DB14 /* Send */,
				9EA5D157190D6A2700D0DB14 /* SendReceive */,
			);
			path = Source;
			sourceTree = "<group>";
		};
		9EA5D143190D697600D0DB14 /* App */ = {
			isa = PBXGroup;
			children = (
				9EA5D144190D697600D0DB14 /* SAAppDelegate.h */,
				9EA5D145190D697600D0DB14 /* SAAppDelegate.m */,
				9EA5D146190D697600D0DB14 /* SAViewController.h */,
				9EA5D147190D697600D0DB14 /* SAViewController.m */,
			);
			path = App;
			sourceTree = "<group>";
		};
		9EA5D14A190D697E00D0DB14 /* UX */ = {
			isa = PBXGroup;
			children = (
				9EA5D0D6190D681000D0DB14 /* Main.storyboard */,
				9EA5D0DC190D681000D0DB14 /* Images.xcassets */,
			);
			name = UX;
			sourceTree = "<group>";
		};
		9EA5D154190D6A2700D0DB14 /* Send */ = {
			isa = PBXGroup;
			children = (
				9EA5D155190D6A2700D0DB14 /* SASendViewController.h */,
				9EA5D156190D6A2700D0DB14 /* SASendViewController.m */,
				9EA5D170190D9BF900D0DB14 /* SASendActionsViewController.h */,
				9EA5D171190D9BF900D0DB14 /* SASendActionsViewController.m */,
			);
			path = Send;
			sourceTree = "<group>";
		};
		9EA5D157190D6A2700D0DB14 /* SendReceive */ = {
			isa = PBXGroup;
			children = (
				9EA5D158190D6A2700D0DB14 /* SASendReceiveViewController.h */,
				9EA5D159190D6A2700D0DB14 /* SASendReceiveViewController.m */,
			);
			path = SendReceive;
			sourceTree = "<group>";
		};
/* End PBXGroup section */

/* Begin PBXNativeTarget section */
		9EA5D0C0190D681000D0DB14 /* McLuhanSourceApp */ = {
			isa = PBXNativeTarget;
			buildConfigurationList = 9EA5D0F3190D681000D0DB14 /* Build configuration list for PBXNativeTarget "McLuhanSourceApp" */;
			buildPhases = (
				9EA5D0BD190D681000D0DB14 /* Sources */,
				9EA5D0BE190D681000D0DB14 /* Frameworks */,
				9EA5D0BF190D681000D0DB14 /* Resources */,
			);
			buildRules = (
			);
			dependencies = (
			);
			name = McLuhanSourceApp;
			productName = McLuhanSourceApp;
			productReference = 9EA5D0C1190D681000D0DB14 /* McLuhanSourceApp.app */;
			productType = "com.apple.product-type.application";
		};
		9EA5D0E1190D681000D0DB14 /* McLuhanSourceAppTests */ = {
			isa = PBXNativeTarget;
			buildConfigurationList = 9EA5D0F6190D681000D0DB14 /* Build configuration list for PBXNativeTarget "McLuhanSourceAppTests" */;
			buildPhases = (
				9EA5D0DE190D681000D0DB14 /* Sources */,
				9EA5D0DF190D681000D0DB14 /* Frameworks */,
				9EA5D0E0190D681000D0DB14 /* Resources */,
			);
			buildRules = (
			);
			dependencies = (
				9EA5D0E8190D681000D0DB14 /* PBXTargetDependency */,
			);
			name = McLuhanSourceAppTests;
			productName = McLuhanSourceAppTests;
			productReference = 9EA5D0E2190D681000D0DB14 /* McLuhanSourceAppTests.xctest */;
			productType = "com.apple.product-type.bundle.unit-test";
		};
/* End PBXNativeTarget section */

/* Begin PBXProject section */
		9EA5D0B9190D681000D0DB14 /* Project object */ = {
			isa = PBXProject;
			attributes = {
				CLASSPREFIX = SA;
				LastUpgradeCheck = 0510;
				ORGANIZATIONNAME = "Keith Ermel";
				TargetAttributes = {
					9EA5D0E1190D681000D0DB14 = {
						TestTargetID = 9EA5D0C0190D681000D0DB14;
					};
				};
			};
			buildConfigurationList = 9EA5D0BC190D681000D0DB14 /* Build configuration list for PBXProject "McLuhanSourceApp" */;
			compatibilityVersion = "Xcode 3.2";
			developmentRegion = English;
			hasScannedForEncodings = 0;
			knownRegions = (
				en,
				Base,
			);
			mainGroup = 9EA5D0B8190D681000D0DB14;
			productRefGroup = 9EA5D0C2190D681000D0DB14 /* Products */;
			projectDirPath = "";
			projectRoot = "";
			targets = (
				9EA5D0C0190D681000D0DB14 /* McLuhanSourceApp */,
				9EA5D0E1190D681000D0DB14 /* McLuhanSourceAppTests */,
			);
		};
/* End PBXProject section */

/* Begin PBXResourcesBuildPhase section */
		9EA5D0BF190D681000D0DB14 /* Resources */ = {
			isa = PBXResourcesBuildPhase;
			buildActionMask = 2147483647;
			files = (
				9EA5D0DD190D681000D0DB14 /* Images.xcassets in Resources */,
				9EA5D0CF190D681000D0DB14 /* InfoPlist.strings in Resources */,
				9EA5D0D8190D681000D0DB14 /* Main.storyboard in Resources */,
			);
			runOnlyForDeploymentPostprocessing = 0;
		};
		9EA5D0E0190D681000D0DB14 /* Resources */ = {
			isa = PBXResourcesBuildPhase;
			buildActionMask = 2147483647;
			files = (
				9EA5D0EE190D681000D0DB14 /* InfoPlist.strings in Resources */,
			);
			runOnlyForDeploymentPostprocessing = 0;
		};
/* End PBXResourcesBuildPhase section */

/* Begin PBXSourcesBuildPhase section */
		9EA5D0BD190D681000D0DB14 /* Sources */ = {
			isa = PBXSourcesBuildPhase;
			buildActionMask = 2147483647;
			files = (
				9EA5D148190D697600D0DB14 /* SAAppDelegate.m in Sources */,
				9EA5D149190D697600D0DB14 /* SAViewController.m in Sources */,
				9EA5D15B190D6A2700D0DB14 /* SASendReceiveViewController.m in Sources */,
				9EA5D15A190D6A2700D0DB14 /* SASendViewController.m in Sources */,
				9EA5D172190D9BF900D0DB14 /* SASendActionsViewController.m in Sources */,
				9EA5D0D1190D681000D0DB14 /* main.m in Sources */,
			);
			runOnlyForDeploymentPostprocessing = 0;
		};
		9EA5D0DE190D681000D0DB14 /* Sources */ = {
			isa = PBXSourcesBuildPhase;
			buildActionMask = 2147483647;
			files = (
				9EA5D0F0190D681000D0DB14 /* McLuhanSourceAppTests.m in Sources */,
			);
			runOnlyForDeploymentPostprocessing = 0;
		};
/* End PBXSourcesBuildPhase section */

/* Begin PBXTargetDependency section */
		9EA5D0E8190D681000D0DB14 /* PBXTargetDependency */ = {
			isa = PBXTargetDependency;
			target = 9EA5D0C0190D681000D0DB14 /* McLuhanSourceApp */;
			targetProxy = 9EA5D0E7190D681000D0DB14 /* PBXContainerItemProxy */;
		};
/* End PBXTargetDependency section */

/* Begin PBXVariantGroup section */
		9EA5D0CD190D681000D0DB14 /* InfoPlist.strings */ = {
			isa = PBXVariantGroup;
			children = (
				9EA5D0CE190D681000D0DB14 /* en */,
			);
			name = InfoPlist.strings;
			sourceTree = "<group>";
		};
		9EA5D0D6190D681000D0DB14 /* Main.storyboard */ = {
			isa = PBXVariantGroup;
			children = (
				9EA5D0D7190D681000D0DB14 /* Base */,
			);
			name = Main.storyboard;
			sourceTree = "<group>";
		};
		9EA5D0EC190D681000D0DB14 /* InfoPlist.strings */ = {
			isa = PBXVariantGroup;
			children = (
				9EA5D0ED190D681000D0DB14 /* en */,
			);
			name = InfoPlist.strings;
			sourceTree = "<group>";
		};
/* End PBXVariantGroup section */

/* Begin XCBuildConfiguration section */
		9EA5D0F1190D681000D0DB14 /* Debug */ = {
			isa = XCBuildConfiguration;
			buildSettings = {
				ALWAYS_SEARCH_USER_PATHS = NO;
				CLANG_CXX_LANGUAGE_STANDARD = "gnu++0x";
				CLANG_CXX_LIBRARY = "libc++";
				CLANG_ENABLE_MODULES = YES;
				CLANG_ENABLE_OBJC_ARC = YES;
				CLANG_WARN_BOOL_CONVERSION = YES;
				CLANG_WARN_CONSTANT_CONVERSION = YES;
				CLANG_WARN_DIRECT_OBJC_ISA_USAGE = YES_ERROR;
				CLANG_WARN_EMPTY_BODY = YES;
				CLANG_WARN_ENUM_CONVERSION = YES;
				CLANG_WARN_INT_CONVERSION = YES;
				CLANG_WARN_OBJC_ROOT_CLASS = YES_ERROR;
				CLANG_WARN__DUPLICATE_METHOD_MATCH = YES;
				"CODE_SIGN_IDENTITY[sdk=iphoneos*]" = "iPhone Developer";
				COPY_PHASE_STRIP = NO;
				GCC_C_LANGUAGE_STANDARD = gnu99;
				GCC_DYNAMIC_NO_PIC = NO;
				GCC_OPTIMIZATION_LEVEL = 0;
				GCC_PREPROCESSOR_DEFINITIONS = (
					"DEBUG=1",
					"$(inherited)",
				);
				GCC_SYMBOLS_PRIVATE_EXTERN = NO;
				GCC_WARN_64_TO_32_BIT_CONVERSION = YES;
				GCC_WARN_ABOUT_RETURN_TYPE = YES_ERROR;
				GCC_WARN_UNDECLARED_SELECTOR = YES;
				GCC_WARN_UNINITIALIZED_AUTOS = YES_AGGRESSIVE;
				GCC_WARN_UNUSED_FUNCTION = YES;
				GCC_WARN_UNUSED_VARIABLE = YES;
				IPHONEOS_DEPLOYMENT_TARGET = 7.1;
				ONLY_ACTIVE_ARCH = YES;
				SDKROOT = iphoneos;
			};
			name = Debug;
		};
		9EA5D0F2190D681000D0DB14 /* Release */ = {
			isa = XCBuildConfiguration;
			buildSettings = {
				ALWAYS_SEARCH_USER_PATHS = NO;
				CLANG_CXX_LANGUAGE_STANDARD = "gnu++0x";
				CLANG_CXX_LIBRARY = "libc++";
				CLANG_ENABLE_MODULES = YES;
				CLANG_ENABLE_OBJC_ARC = YES;
				CLANG_WARN_BOOL_CONVERSION = YES;
				CLANG_WARN_CONSTANT_CONVERSION = YES;
				CLANG_WARN_DIRECT_OBJC_ISA_USAGE = YES_ERROR;
				CLANG_WARN_EMPTY_BODY = YES;
				CLANG_WARN_ENUM_CONVERSION = YES;
				CLANG_WARN_INT_CONVERSION = YES;
				CLANG_WARN_OBJC_ROOT_CLASS = YES_ERROR;
				CLANG_WARN__DUPLICATE_METHOD_MATCH = YES;
				"CODE_SIGN_IDENTITY[sdk=iphoneos*]" = "iPhone Developer";
				COPY_PHASE_STRIP = YES;
				ENABLE_NS_ASSERTIONS = NO;
				GCC_C_LANGUAGE_STANDARD = gnu99;
				GCC_WARN_64_TO_32_BIT_CONVERSION = YES;
				GCC_WARN_ABOUT_RETURN_TYPE = YES_ERROR;
				GCC_WARN_UNDECLARED_SELECTOR = YES;
				GCC_WARN_UNINITIALIZED_AUTOS = YES_AGGRESSIVE;
				GCC_WARN_UNUSED_FUNCTION = YES;
				GCC_WARN_UNUSED_VARIABLE = YES;
				IPHONEOS_DEPLOYMENT_TARGET = 7.1;
				SDKROOT = iphoneos;
				VALIDATE_PRODUCT = YES;
			};
			name = Release;
		};
		9EA5D0F4190D681000D0DB14 /* Debug */ = {
			isa = XCBuildConfiguration;
			buildSettings = {
				ASSETCATALOG_COMPILER_APPICON_NAME = AppIcon;
				ASSETCATALOG_COMPILER_LAUNCHIMAGE_NAME = LaunchImage;
				GCC_PRECOMPILE_PREFIX_HEADER = YES;
				GCC_PREFIX_HEADER = "McLuhanSourceApp/McLuhanSourceApp-Prefix.pch";
				INFOPLIST_FILE = "McLuhanSourceApp/McLuhanSourceApp-Info.plist";
				LIBRARY_SEARCH_PATHS = (
					"$(inherited)",
					"$(USER_LIBRARY_DIR)/Developer/Xcode/DerivedData/McLuhan-apcclaabpntfhoabulnyotvowwim/Build/Products/Debug-iphoneos",
					"/Users/kermel/Code/iOS/projects/McLuhan/Examples/McLuhanExampleCommon/build/Debug-iphoneos",
				);
				OTHER_LDFLAGS = "-ObjC";
				PRODUCT_NAME = "$(TARGET_NAME)";
				WRAPPER_EXTENSION = app;
			};
			name = Debug;
		};
		9EA5D0F5190D681000D0DB14 /* Release */ = {
			isa = XCBuildConfiguration;
			buildSettings = {
				ASSETCATALOG_COMPILER_APPICON_NAME = AppIcon;
				ASSETCATALOG_COMPILER_LAUNCHIMAGE_NAME = LaunchImage;
				GCC_PRECOMPILE_PREFIX_HEADER = YES;
				GCC_PREFIX_HEADER = "McLuhanSourceApp/McLuhanSourceApp-Prefix.pch";
				INFOPLIST_FILE = "McLuhanSourceApp/McLuhanSourceApp-Info.plist";
				LIBRARY_SEARCH_PATHS = (
					"$(inherited)",
					"$(USER_LIBRARY_DIR)/Developer/Xcode/DerivedData/McLuhan-apcclaabpntfhoabulnyotvowwim/Build/Products/Debug-iphoneos",
					"/Users/kermel/Code/iOS/projects/McLuhan/Examples/McLuhanExampleCommon/build/Debug-iphoneos",
				);
				OTHER_LDFLAGS = "-ObjC";
				PRODUCT_NAME = "$(TARGET_NAME)";
				WRAPPER_EXTENSION = app;
			};
			name = Release;
		};
		9EA5D0F7190D681000D0DB14 /* Debug */ = {
			isa = XCBuildConfiguration;
			buildSettings = {
				BUNDLE_LOADER = "$(BUILT_PRODUCTS_DIR)/McLuhanSourceApp.app/McLuhanSourceApp";
				FRAMEWORK_SEARCH_PATHS = (
					"$(SDKROOT)/Developer/Library/Frameworks",
					"$(inherited)",
					"$(DEVELOPER_FRAMEWORKS_DIR)",
				);
				GCC_PRECOMPILE_PREFIX_HEADER = YES;
				GCC_PREFIX_HEADER = "McLuhanSourceApp/McLuhanSourceApp-Prefix.pch";
				GCC_PREPROCESSOR_DEFINITIONS = (
					"DEBUG=1",
					"$(inherited)",
				);
				INFOPLIST_FILE = "McLuhanSourceAppTests/McLuhanSourceAppTests-Info.plist";
				PRODUCT_NAME = "$(TARGET_NAME)";
				TEST_HOST = "$(BUNDLE_LOADER)";
				WRAPPER_EXTENSION = xctest;
			};
			name = Debug;
		};
		9EA5D0F8190D681000D0DB14 /* Release */ = {
			isa = XCBuildConfiguration;
			buildSettings = {
				BUNDLE_LOADER = "$(BUILT_PRODUCTS_DIR)/McLuhanSourceApp.app/McLuhanSourceApp";
				FRAMEWORK_SEARCH_PATHS = (
					"$(SDKROOT)/Developer/Library/Frameworks",
					"$(inherited)",
					"$(DEVELOPER_FRAMEWORKS_DIR)",
				);
				GCC_PRECOMPILE_PREFIX_HEADER = YES;
				GCC_PREFIX_HEADER = "McLuhanSourceApp/McLuhanSourceApp-Prefix.pch";
				INFOPLIST_FILE = "McLuhanSourceAppTests/McLuhanSourceAppTests-Info.plist";
				PRODUCT_NAME = "$(TARGET_NAME)";
				TEST_HOST = "$(BUNDLE_LOADER)";
				WRAPPER_EXTENSION = xctest;
			};
			name = Release;
		};
/* End XCBuildConfiguration section */

/* Begin XCConfigurationList section */
		9EA5D0BC190D681000D0DB14 /* Build configuration list for PBXProject "McLuhanSourceApp" */ = {
			isa = XCConfigurationList;
			buildConfigurations = (
				9EA5D0F1190D681000D0DB14 /* Debug */,
				9EA5D0F2190D681000D0DB14 /* Release */,
			);
			defaultConfigurationIsVisible = 0;
			defaultConfigurationName = Release;
		};
		9EA5D0F3190D681000D0DB14 /* Build configuration list for PBXNativeTarget "McLuhanSourceApp" */ = {
			isa = XCConfigurationList;
			buildConfigurations = (
				9EA5D0F4190D681000D0DB14 /* Debug */,
				9EA5D0F5190D681000D0DB14 /* Release */,
			);
			defaultConfigurationIsVisible = 0;
			defaultConfigurationName = Release;
		};
		9EA5D0F6190D681000D0DB14 /* Build configuration list for PBXNativeTarget "McLuhanSourceAppTests" */ = {
			isa = XCConfigurationList;
			buildConfigurations = (
				9EA5D0F7190D681000D0DB14 /* Debug */,
				9EA5D0F8190D681000D0DB14 /* Release */,
			);
			defaultConfigurationIsVisible = 0;
			defaultConfigurationName = Release;
		};
/* End XCConfigurationList section */
	};
	rootObject = 9EA5D0B9190D681000D0DB14 /* Project object */;
}
